hash: 2f4e07a34d16f3ef0e10c95ff3e2d4828cc574cfa773b18c30d5e3eb20bbb655
updated: 2018-05-30T13:54:22.943608296+08:00
imports:
- name: github.com/gin-contrib/cors
  version: cf4846e6a636a76237a28d9286f163c132e841bc
- name: github.com/gin-contrib/sse
  version: 22d885f9ecc78bf4ee5d72b937e4bbcdc58e8cae
- name: github.com/gin-gonic/gin
  version: 07cbe116a058f13026fa6b23f675155968d47cc3
  subpackages:
  - binding
  - json
  - render
- name: github.com/go-sql-driver/mysql
  version: a0583e0143b1624142adab07e0e97fe106d99561
- name: github.com/go-xorm/builder
  version: bad0a612f0d6277b953910822ab5dfb30dd18237
- name: github.com/go-xorm/core
  version: c10e21e7e1cec20e09398f2dfae385e58c8df555
- name: github.com/go-xorm/xorm
  version: d85bb4911c725a53b135fc12862748a41b6c07da
- name: github.com/golang/protobuf
  version: 3a3da3a4e26776cc22a79ef46d5d58477532dede
  subpackages:
  - proto
- name: github.com/json-iterator/go
  version: 8744d7c5c7b40a53e018f78d8c508b3315260b96
- name: github.com/mattn/go-isatty
  version: 6ca4dbf54d38eea1a992b3c722a76a5d1c4cb25c
- name: github.com/modern-go/concurrent
  version: bacd9c7ef1dd9b15be4a9909b8ac7a4e313eec94
- name: github.com/modern-go/reflect2
  version: 58118c1ea9161250907268a484af4dd6ed314280
- name: github.com/ugorji/go
  version: f3cacc17c85ecb7f1b6a9e373ee85d1480919868
  subpackages:
  - codec
- name: go.uber.org/zap
  version: eeedf312bc6c57391d84767a4cd413f02a917974
  subpackages:
  - atomic
- name: golang.org/x/sys/unix
  version: c11f84a56e43e20a78cee75a7c034031ecf57d1f
- name: gopkg.in/go-playground/validator.v8
  version: 5f1438d3fca68893a817e4a66806cea46a9e4ebf
- name: gopkg.in/yaml.v2
  version: 5420a8b6744d3b0345ab293f6fcba19c978f1183
testImports: []
